
Microsoft Visual Studio Solution File, Format Version 12.00
# Visual Studio Version 17
VisualStudioVersion = 17.0.31903.59
MinimumVisualStudioVersion = 10.0.40219.1
Project("{2150E333-8FDC-42A3-9474-1A3956D46DE8}") = "src", "src", "{D42787FA-FB0C-466D-8EEB-7EA34AF320DE}"
EndProject
Project("{FAE04EC0-301F-11D3-BF4B-00C04F79EFBC}") = "BumaSoft.GamblingGoblin", "src\BumaSoft.GamblingGoblin\BumaSoft.GamblingGoblin.csproj", "{4D835550-D98F-4A46-B5DC-157A9C5EFA8E}"
EndProject
Project("{FAE04EC0-301F-11D3-BF4B-00C04F79EFBC}") = "BumaSoft.GamblingGoblin.Tests", "tests\BumaSoft.GamblingGoblin.Tests\BumaSoft.GamblingGoblin.Tests.csproj", "{FC511076-9830-4FD8-BDED-95529E201478}"
EndProject
Global
	GlobalSection(SolutionConfigurationPlatforms) = preSolution
		Debug|Any CPU = Debug|Any CPU
		Release|Any CPU = Release|Any CPU
	EndGlobalSection
	GlobalSection(SolutionProperties) = preSolution
		HideSolutionNode = FALSE
	EndGlobalSection
	GlobalSection(ProjectConfigurationPlatforms) = postSolution
		{4D835550-D98F-4A46-B5DC-157A9C5EFA8E}.Debug|Any CPU.ActiveCfg = Debug|Any CPU
		{4D835550-D98F-4A46-B5DC-157A9C5EFA8E}.Debug|Any CPU.Build.0 = Debug|Any CPU
		{4D835550-D98F-4A46-B5DC-157A9C5EFA8E}.Release|Any CPU.ActiveCfg = Release|Any CPU
		{4D835550-D98F-4A46-B5DC-157A9C5EFA8E}.Release|Any CPU.Build.0 = Release|Any CPU
		{FC511076-9830-4FD8-BDED-95529E201478}.Debug|Any CPU.ActiveCfg = Debug|Any CPU
		{FC511076-9830-4FD8-BDED-95529E201478}.Debug|Any CPU.Build.0 = Debug|Any CPU
		{FC511076-9830-4FD8-BDED-95529E201478}.Release|Any CPU.ActiveCfg = Release|Any CPU
		{FC511076-9830-4FD8-BDED-95529E201478}.Release|Any CPU.Build.0 = Release|Any CPU
	EndGlobalSection
	GlobalSection(NestedProjects) = preSolution
		{4D835550-D98F-4A46-B5DC-157A9C5EFA8E} = {D42787FA-FB0C-466D-8EEB-7EA34AF320DE}
		{FC511076-9830-4FD8-BDED-95529E201478} = {D42787FA-FB0C-466D-8EEB-7EA34AF320DE}
	EndGlobalSection
EndGlobal
